
Microsoft Visual Studio Solution File, Format Version 12.00
# Visual Studio Version 17
VisualStudioVersion = 17.2.32630.192
MinimumVisualStudioVersion = 10.0.40219.1
Project("{FAE04EC0-301F-11D3-BF4B-00C04F79EFBC}") = "GraphQL_Demo", "GraphQL_Demo\GraphQL_Demo.csproj", "{C7D7A5DF-9EE5-45E1-8DBE-743A84F13EA6}"
EndProject
Global
	GlobalSection(SolutionConfigurationPlatforms) = preSolution
		Debug|Any CPU = Debug|Any CPU
		Release|Any CPU = Release|Any CPU
	EndGlobalSection
	GlobalSection(ProjectConfigurationPlatforms) = postSolution
		{C7D7A5DF-9EE5-45E1-8DBE-743A84F13EA6}.Debug|Any CPU.ActiveCfg = Debug|Any CPU
		{C7D7A5DF-9EE5-45E1-8DBE-743A84F13EA6}.Debug|Any CPU.Build.0 = Debug|Any CPU
		{C7D7A5DF-9EE5-45E1-8DBE-743A84F13EA6}.Release|Any CPU.ActiveCfg = Release|Any CPU
		{C7D7A5DF-9EE5-45E1-8DBE-743A84F13EA6}.Release|Any CPU.Build.0 = Release|Any CPU
	EndGlobalSection
	GlobalSection(SolutionProperties) = preSolution
		HideSolutionNode = FALSE
	EndGlobalSection
	GlobalSection(ExtensibilityGlobals) = postSolution
		SolutionGuid = {B5422BC4-4382-4442-9C7F-3E3C4B1B49E8}
	EndGlobalSection
EndGlobal
